{
  "originHash" : "a3bcaa15a454fa7370ad47de0b4a365f92876b40d5fa0a3e490eb29c4688cd7b",
  "pins" : [
    {
      "identity" : "purchases-ios-spm",
      "kind" : "remoteSourceControl",
      "location" : "https://github.com/RevenueCat/purchases-ios-spm",
      "state" : {
        "revision" : "f4cef4cd3012c5ddeb10a65f0d76b60115c7d3f7",
        "version" : "5.55.3"
      }
    }
  ],
  "version" : 3
}
